# This file was autogenerated by Stack.
# You should not edit this file by hand.
# For more information, please see the documentation at:
#   https://docs.haskellstack.org/en/stable/lock_files

packages:
- completed:
    hackage: hal-0.4.4@sha256:f611a666e92199a095d66aebe78723d1d5fc0402561260d1be10decd7ed27e74,2121
    pantry-tree:
      size: 747
      sha256: 4bec931eb3c52b9fa0750b91882a93a0294a6ead1701a0779538709b59ebfcf3
  original:
    hackage: hal-0.4.4
- completed:
    hackage: persistent-2.10.5.2@sha256:aaa222a48583b22f0af00bb9ee6adc839ec75256b158f38d85c9c2cb68ec6eb4,4740
    pantry-tree:
      size: 2096
      sha256: 4f5a0df2d164fde8fa59aef93c4493b224e1c5925385fe9923d86f8d2f222b28
  original:
    hackage: persistent-2.10.5.2
- completed:
    hackage: persistent-mysql-2.10.2.3@sha256:c140a448386e6a475b38775477685fcc272fc9fc26d3c09e5d9b5755dd8b17f0,2928
    pantry-tree:
      size: 529
      sha256: 787e23b55c42d9c09bd36b565e85c5e4f0e1396513eb1f8d1dfff35bb100a6b5
  original:
    hackage: persistent-mysql-2.10.2.3
- completed:
    hackage: persistent-template-2.8.2.3@sha256:478693b8a7cbbcad20ec83176d38cdae23073c5196783f4afd62893387658f46,2861
    pantry-tree:
      size: 561
      sha256: 71d0692a0c0cd5f132c096ca5be6e3119d27e5f7f05f9a939583c4ac3c77b494
  original:
    hackage: persistent-template-2.8.2.3
- completed:
    hackage: graphql-w-persistent-0.9.1.0@sha256:85625ffaf24fee14aa661bb0ececdb14d9e3e3be25e97635565dc9d3c02fa967,3969
    pantry-tree:
      size: 1189
      sha256: ededaae15c1b9bcd9c4d4bad1a483fe1e9b1b93a9fb2d8016f62739da0fa5917
  original:
    hackage: graphql-w-persistent-0.9.1.0
- completed:
    hackage: json-0.10@sha256:d9fc6b07ce92b8894825a17d2cf14799856767eb30c8bf55962baa579207d799,3210
    pantry-tree:
      size: 3190
      sha256: 5654f66b7cd8bf087ac040a9b0a83eb064219eab32230f61a3adeddfdbb4d4cd
  original:
    hackage: json-0.10
- completed:
    hackage: envy-1.5.1.0@sha256:a00910ebf461ec36ff6b7b01711bffe09cee062b7515c4580c466002590283a2,1683
    pantry-tree:
      size: 368
      sha256: 85ed121176a3b9cff9221af50077c45181ab2fe0e4ffe5273aaf57daef197b0a
  original:
    hackage: envy-1.5.1.0
snapshots:
- completed:
    size: 532380
    url: https://raw.githubusercontent.com/commercialhaskell/stackage-snapshots/master/lts/16/15.yaml
    sha256: 3b5f2a699aa5ed3abbc30410062bf743926f0868ce3eeb5655370c6c6cc1a9f4
  original: lts-16.15
