# This file was autogenerated by Stack.
# You should not edit this file by hand.
# For more information, please see the documentation at:
#   https://docs.haskellstack.org/en/stable/lock_files

packages:
- completed:
    hackage: persistent-sqlite-2.10.4@sha256:75d0fa503d712efd064710d69266b4018c45ad171eec8df12b9d8a06dd998f01,4993
    pantry-tree:
      size: 748
      sha256: 9de8f6de999dcdbcc52cc1c68e687b64bca37d89f75634e7ca1392e0ca28da33
  original:
    hackage: persistent-sqlite-2.10.4
- completed:
    hackage: persistent-2.10.0@sha256:6e4566c2cf8dda6bf3e00f4f813dd711e7796a1598f46c5c729491f4b643c91d,4708
    pantry-tree:
      size: 2094
      sha256: 5ae7466479cf300e9bf07dc9780a432b4338c4e1e56fc732399260303cdf2f84
  original:
    hackage: persistent-2.10.0
- completed:
    hackage: graphql-w-persistent-0.5.0.0@sha256:b8f8249690f83ac6022b7bd9d0e88921411484ea2593b33b70558bfbae7e39bb,3875
    pantry-tree:
      size: 1124
      sha256: 007a4688fa2f429d21cb2f69945403a581158d33031495d698d6d9c90eb2c4fb
  original:
    hackage: graphql-w-persistent-0.5.0.0
- completed:
    hackage: persistent-template-2.7.1@sha256:6705bd3063fdc9dcb83515f9c748f948b8f2d3316a178ea20a775f7003272463,2703
    pantry-tree:
      size: 560
      sha256: 697cc47246bd6c425aecbace296b03ccb5265bcee54ec7efed983f34870dbf8a
  original:
    hackage: persistent-template-2.7.1
snapshots:
- completed:
    size: 523443
    url: https://raw.githubusercontent.com/commercialhaskell/stackage-snapshots/master/lts/14/0.yaml
    sha256: 283773e7120f5446d961eab35ea95c9af9c24187cc178537bd29273200a05171
  original: lts-14.0
