# This file was autogenerated by Stack.
# You should not edit this file by hand.
# For more information, please see the documentation at:
#   https://docs.haskellstack.org/en/stable/lock_files

packages:
- completed:
    hackage: json-0.10@sha256:d9fc6b07ce92b8894825a17d2cf14799856767eb30c8bf55962baa579207d799,3210
    pantry-tree:
      size: 3190
      sha256: 5654f66b7cd8bf087ac040a9b0a83eb064219eab32230f61a3adeddfdbb4d4cd
  original:
    hackage: json-0.10
- completed:
    hackage: aeson-1.4.7.1@sha256:6d8d2fd959b7122a1df9389cf4eca30420a053d67289f92cdc0dbc0dab3530ba,7098
    pantry-tree:
      size: 40133
      sha256: caa9306e519c601ab0170d113daa03c1163db53e5466be2968bbd61a771bebcb
  original:
    hackage: aeson-1.4.7.1
- completed:
    hackage: conduit-1.3.2.1@sha256:86da1fe2ec6860f9d839ae14222469b40ceccd86e36cd5dd88a9f333389dbfda,5129
    pantry-tree:
      size: 1957
      sha256: a647f1469d6f671c1bf4a2e16803ff6db93da16d9983a7dfbb582b839fd3e2d8
  original:
    hackage: conduit-1.3.2.1
- completed:
    hackage: graphql-w-persistent-0.9.1.0@sha256:85625ffaf24fee14aa661bb0ececdb14d9e3e3be25e97635565dc9d3c02fa967,3969
    pantry-tree:
      size: 1189
      sha256: ededaae15c1b9bcd9c4d4bad1a483fe1e9b1b93a9fb2d8016f62739da0fa5917
  original:
    hackage: graphql-w-persistent-0.9.1.0
snapshots:
- completed:
    size: 532380
    url: https://raw.githubusercontent.com/commercialhaskell/stackage-snapshots/master/lts/16/15.yaml
    sha256: 3b5f2a699aa5ed3abbc30410062bf743926f0868ce3eeb5655370c6c6cc1a9f4
  original: lts-16.15
