# This file was autogenerated by Stack.
# You should not edit this file by hand.
# For more information, please see the documentation at:
#   https://docs.haskellstack.org/en/stable/lock_files

packages:
- completed:
    hackage: json-0.9.3@sha256:d3b2fa674955c92e8148931b16116dcb839fba7b2bd5ff1bc95dc47a30e943bd,3189
    pantry-tree:
      size: 3190
      sha256: 21ff2224b0140f3555a8d3f48cf6fa72e444a83018bf02634a34e01282970307
  original:
    hackage: json-0.9.3
- completed:
    hackage: aeson-1.4.4.0@sha256:c70d78f78efb1d766f1c5b594c9eadcc1bc9587d83e5a50714b9a91105fb2ca4,6963
    pantry-tree:
      size: 40193
      sha256: b5c00a6bc09240baf60f9c8ecb0653067b533fea42e3aaf151564362479d3d20
  original:
    hackage: aeson-1.4.4.0
- completed:
    hackage: conduit-1.3.1.1@sha256:1fa8d9bd5317075845372b7d84197242ddb23b20a74ee03bd8c4fea280ccdae4,4982
    pantry-tree:
      size: 1957
      sha256: 619a36e4eb05446170e7d33e06f289372b4bc6e3ba283aac20013de4bec338dc
  original:
    hackage: conduit-1.3.1.1
- completed:
    hackage: graphql-w-persistent-0.8.0.0@sha256:2fdf0edd036cc4c05750f1791e76e0c0a75caf757753274b9f62bfe515f39718,3875
    pantry-tree:
      size: 1126
      sha256: a1c86c73890966836e0e169b4333722be78fef438a33af6cd6177a0dec808686
  original:
    hackage: graphql-w-persistent-0.8.0.0
snapshots:
- completed:
    size: 523443
    url: https://raw.githubusercontent.com/commercialhaskell/stackage-snapshots/master/lts/14/0.yaml
    sha256: 283773e7120f5446d961eab35ea95c9af9c24187cc178537bd29273200a05171
  original: lts-14.0
